
Microsoft Visual Studio Solution File, Format Version 12.00
# Visual Studio Version 16
VisualStudioVersion = 16.0.30413.136
MinimumVisualStudioVersion = 10.0.40219.1
Project("{888888A0-9F3D-457C-B088-3A5042F75D52}") = "grafika", "grafika\grafika.pyproj", "{0C452BE9-69B7-4AA3-ACAE-754C3B6B8644}"
EndProject
Global
	GlobalSection(SolutionConfigurationPlatforms) = preSolution
		Debug|Any CPU = Debug|Any CPU
		Release|Any CPU = Release|Any CPU
	EndGlobalSection
	GlobalSection(ProjectConfigurationPlatforms) = postSolution
		{0C452BE9-69B7-4AA3-ACAE-754C3B6B8644}.Debug|Any CPU.ActiveCfg = Debug|Any CPU
		{0C452BE9-69B7-4AA3-ACAE-754C3B6B8644}.Release|Any CPU.ActiveCfg = Release|Any CPU
	EndGlobalSection
	GlobalSection(SolutionProperties) = preSolution
		HideSolutionNode = FALSE
	EndGlobalSection
	GlobalSection(ExtensibilityGlobals) = postSolution
		SolutionGuid = {1D34D6D3-B4BC-426F-AEF3-50AE4B3D74D8}
	EndGlobalSection
EndGlobal
